# THIS IS AN AUTOGENERATED FILE. DO NOT EDIT THIS FILE DIRECTLY.
# yarn lockfile v1


prettier-plugin-go-template@^0.0.15:
  version "0.0.15"
  resolved "https://registry.yarnpkg.com/prettier-plugin-go-template/-/prettier-plugin-go-template-0.0.15.tgz#474952ed72405e528f70bf9cf3f50938c97d8f86"
  integrity sha512-WqU92E1NokWYNZ9mLE6ijoRg6LtIGdLMePt2C7UBDjXeDH9okcRI3zRqtnWR4s5AloiqyvZ66jNBAa9tmRY5EQ==
  dependencies:
    ulid "^2.3.0"

prettier@^3.1.0:
  version "3.1.0"
  resolved "https://registry.yarnpkg.com/prettier/-/prettier-3.1.0.tgz#c6d16474a5f764ea1a4a373c593b779697744d5e"
  integrity sha512-TQLvXjq5IAibjh8EpBIkNKxO749UEWABoiIZehEPiY4GNpVdhaFKqSTu+QrlU6D2dPAfubRmtJTi4K4YkQ5eXw==

ulid@^2.3.0:
  version "2.3.0"
  resolved "https://registry.yarnpkg.com/ulid/-/ulid-2.3.0.tgz#93063522771a9774121a84d126ecd3eb9804071f"
  integrity sha512-keqHubrlpvT6G2wH0OEfSW4mquYRcbe/J8NMmveoQOjUqmo+hXtO+ORCpWhdbZ7k72UtY61BL7haGxW6enBnjw==
